
Microsoft Visual Studio Solution File, Format Version 12.00
# Visual Studio Version 16
VisualStudioVersion = 16.0.31205.134
MinimumVisualStudioVersion = 10.0.40219.1
Project("{FAE04EC0-301F-11D3-BF4B-00C04F79EFBC}") = "v0630", "v0630\v0630.csproj", "{5521B731-7AA0-45B3-B541-9D81DFCAE260}"
EndProject
Global
	GlobalSection(SolutionConfigurationPlatforms) = preSolution
		Debug|Any CPU = Debug|Any CPU
		Release|Any CPU = Release|Any CPU
	EndGlobalSection
	GlobalSection(ProjectConfigurationPlatforms) = postSolution
		{5521B731-7AA0-45B3-B541-9D81DFCAE260}.Debug|Any CPU.ActiveCfg = Debug|Any CPU
		{5521B731-7AA0-45B3-B541-9D81DFCAE260}.Debug|Any CPU.Build.0 = Debug|Any CPU
		{5521B731-7AA0-45B3-B541-9D81DFCAE260}.Release|Any CPU.ActiveCfg = Release|Any CPU
		{5521B731-7AA0-45B3-B541-9D81DFCAE260}.Release|Any CPU.Build.0 = Release|Any CPU
	EndGlobalSection
	GlobalSection(SolutionProperties) = preSolution
		HideSolutionNode = FALSE
	EndGlobalSection
	GlobalSection(ExtensibilityGlobals) = postSolution
		SolutionGuid = {18312D8A-7D0E-4725-85A3-66F0F4CCD3CA}
	EndGlobalSection
EndGlobal
